
Microsoft Visual Studio Solution File, Format Version 12.00
# Visual Studio Version 17
VisualStudioVersion = 17.8.34511.84
MinimumVisualStudioVersion = 10.0.40219.1
Project("{9A19103F-16F7-4668-BE54-9A1E7A4F7556}") = "CashFlow", "CashFlow\CashFlow.csproj", "{DAB2AF00-6E63-4A25-829B-9B70AE66067D}"
EndProject
Global
	GlobalSection(SolutionConfigurationPlatforms) = preSolution
		Debug|Any CPU = Debug|Any CPU
		Release|Any CPU = Release|Any CPU
	EndGlobalSection
	GlobalSection(ProjectConfigurationPlatforms) = postSolution
		{DAB2AF00-6E63-4A25-829B-9B70AE66067D}.Debug|Any CPU.ActiveCfg = Debug|Any CPU
		{DAB2AF00-6E63-4A25-829B-9B70AE66067D}.Debug|Any CPU.Build.0 = Debug|Any CPU
		{DAB2AF00-6E63-4A25-829B-9B70AE66067D}.Release|Any CPU.ActiveCfg = Release|Any CPU
		{DAB2AF00-6E63-4A25-829B-9B70AE66067D}.Release|Any CPU.Build.0 = Release|Any CPU
	EndGlobalSection
	GlobalSection(SolutionProperties) = preSolution
		HideSolutionNode = FALSE
	EndGlobalSection
	GlobalSection(ExtensibilityGlobals) = postSolution
		SolutionGuid = {6C5641F1-71F6-4BEE-B6E7-7C2C5C1F5AD8}
	EndGlobalSection
EndGlobal
